Microsoft Visual Studio Solution File, Format Version 11.00
# Visual Studio 2008

Project("{988863E6-213A-0EF6-52E1-4FAF73A2A4FE}") = "BodegaBash", "Assembly-CSharp.csproj", "{06F611DD-6609-F4A9-8C16-DAFF34085595}"
EndProject
Global
	GlobalSection(SolutionConfigurationPlatforms) = preSolution
		Debug|Any CPU = Debug|Any CPU
		Release|Any CPU = Release|Any CPU
	EndGlobalSection
	GlobalSection(ProjectConfigurationPlatforms) = postSolution
		{06F611DD-6609-F4A9-8C16-DAFF34085595}.Debug|Any CPU.ActiveCfg = Debug|Any CPU
		{06F611DD-6609-F4A9-8C16-DAFF34085595}.Debug|Any CPU.Build.0 = Debug|Any CPU
		{06F611DD-6609-F4A9-8C16-DAFF34085595}.Release|Any CPU.ActiveCfg = Release|Any CPU
		{06F611DD-6609-F4A9-8C16-DAFF34085595}.Release|Any CPU.Build.0 = Release|Any CPU
	EndGlobalSection
	GlobalSection(SolutionProperties) = preSolution
		HideSolutionNode = FALSE
	EndGlobalSection
	GlobalSection(MonoDevelopProperties) = preSolution
		StartupItem = Assembly-CSharp.csproj
	EndGlobalSection
EndGlobal
